{
  "name": "app",
  "version": "0.1.0",
  "lockfileVersion": 1,
  "requires": true,
  "dependencies": {
    "body-scroll-lock": {
      "version": "2.4.6",
      "resolved": "https://registry.npmjs.org/body-scroll-lock/-/body-scroll-lock-2.4.6.tgz",
      "integrity": "sha1-Orj2r/MJzFzlrXcC9YMI91XiYvM="
    },
    "vue-js-modal": {
      "version": "1.3.15",
      "resolved": "https://registry.npmjs.org/vue-js-modal/-/vue-js-modal-1.3.15.tgz",
      "integrity": "sha512-gUCDHR1OGgtWqEHcM5GIJJD0wdTTBx0yENHvu9RDUUWJf9lPPl7Q24dCQnOj4Qstf/Cf1cqiBf+1woW7ERWC9w==",
      "requires": {
        "body-scroll-lock": "2.4.6"
      }
    }
  }
}
